
Microsoft Visual Studio Solution File, Format Version 12.00
Project("{2150E333-8FDC-42A3-9474-1A3956D46DE8}") = "src", "src", "{C5447C69-3526-4CCF-BAAD-254C04B389E2}"
EndProject
Project("{FAE04EC0-301F-11D3-BF4B-00C04F79EFBC}") = "DotEmilu.EntityFrameworkCore", "src\DotEmilu.EntityFrameworkCore\DotEmilu.EntityFrameworkCore.csproj", "{4F48E8DB-33FD-40B3-91F3-12C679C14E24}"
EndProject
Project("{2150E333-8FDC-42A3-9474-1A3956D46DE8}") = "Solution Items", "Solution Items", "{677BFD0B-61B7-46F6-85D8-A8559A440311}"
	ProjectSection(SolutionItems) = preProject
		.gitignore = .gitignore
		README.md = README.md
		LICENSE = LICENSE
	EndProjectSection
EndProject
Global
	GlobalSection(SolutionConfigurationPlatforms) = preSolution
		Debug|Any CPU = Debug|Any CPU
		Release|Any CPU = Release|Any CPU
	EndGlobalSection
	GlobalSection(NestedProjects) = preSolution
		{4F48E8DB-33FD-40B3-91F3-12C679C14E24} = {C5447C69-3526-4CCF-BAAD-254C04B389E2}
	EndGlobalSection
	GlobalSection(ProjectConfigurationPlatforms) = postSolution
		{4F48E8DB-33FD-40B3-91F3-12C679C14E24}.Debug|Any CPU.ActiveCfg = Debug|Any CPU
		{4F48E8DB-33FD-40B3-91F3-12C679C14E24}.Debug|Any CPU.Build.0 = Debug|Any CPU
		{4F48E8DB-33FD-40B3-91F3-12C679C14E24}.Release|Any CPU.ActiveCfg = Release|Any CPU
		{4F48E8DB-33FD-40B3-91F3-12C679C14E24}.Release|Any CPU.Build.0 = Release|Any CPU
	EndGlobalSection
EndGlobal
